
Microsoft Visual Studio Solution File, Format Version 12.00
# Visual Studio Version 17
VisualStudioVersion = 17.10.35013.160
MinimumVisualStudioVersion = 10.0.40219.1
Project("{FAE04EC0-301F-11D3-BF4B-00C04F79EFBC}") = "Calculadora", "Calculadora\Calculadora.csproj", "{9EDC19F3-6E9F-4417-9F51-6B3DF2EFCAAF}"
EndProject
Global
	GlobalSection(SolutionConfigurationPlatforms) = preSolution
		Debug|Any CPU = Debug|Any CPU
		Release|Any CPU = Release|Any CPU
	EndGlobalSection
	GlobalSection(ProjectConfigurationPlatforms) = postSolution
		{9EDC19F3-6E9F-4417-9F51-6B3DF2EFCAAF}.Debug|Any CPU.ActiveCfg = Debug|Any CPU
		{9EDC19F3-6E9F-4417-9F51-6B3DF2EFCAAF}.Debug|Any CPU.Build.0 = Debug|Any CPU
		{9EDC19F3-6E9F-4417-9F51-6B3DF2EFCAAF}.Release|Any CPU.ActiveCfg = Release|Any CPU
		{9EDC19F3-6E9F-4417-9F51-6B3DF2EFCAAF}.Release|Any CPU.Build.0 = Release|Any CPU
	EndGlobalSection
	GlobalSection(SolutionProperties) = preSolution
		HideSolutionNode = FALSE
	EndGlobalSection
	GlobalSection(ExtensibilityGlobals) = postSolution
		SolutionGuid = {758B9DF9-B875-4349-BE49-DF63A7F2BC5D}
	EndGlobalSection
EndGlobal
